
Microsoft Visual Studio Solution File, Format Version 12.00
# Visual Studio Version 17
VisualStudioVersion = 17.3.32825.248
MinimumVisualStudioVersion = 10.0.40219.1
Project("{FAE04EC0-301F-11D3-BF4B-00C04F79EFBC}") = "WinformWaterBill", "WinformWaterBill\WinformWaterBill.csproj", "{A2A9D29A-0555-4D34-855B-C1F6DEFAFFB0}"
EndProject
Project("{FAE04EC0-301F-11D3-BF4B-00C04F79EFBC}") = "Test", "Test\Test.csproj", "{3147BFB8-A39A-482C-A496-FA07F041E6D6}"
EndProject
Global
	GlobalSection(SolutionConfigurationPlatforms) = preSolution
		Debug|Any CPU = Debug|Any CPU
		Release|Any CPU = Release|Any CPU
	EndGlobalSection
	GlobalSection(ProjectConfigurationPlatforms) = postSolution
		{A2A9D29A-0555-4D34-855B-C1F6DEFAFFB0}.Debug|Any CPU.ActiveCfg = Debug|Any CPU
		{A2A9D29A-0555-4D34-855B-C1F6DEFAFFB0}.Debug|Any CPU.Build.0 = Debug|Any CPU
		{A2A9D29A-0555-4D34-855B-C1F6DEFAFFB0}.Release|Any CPU.ActiveCfg = Release|Any CPU
		{A2A9D29A-0555-4D34-855B-C1F6DEFAFFB0}.Release|Any CPU.Build.0 = Release|Any CPU
		{3147BFB8-A39A-482C-A496-FA07F041E6D6}.Debug|Any CPU.ActiveCfg = Debug|Any CPU
		{3147BFB8-A39A-482C-A496-FA07F041E6D6}.Debug|Any CPU.Build.0 = Debug|Any CPU
		{3147BFB8-A39A-482C-A496-FA07F041E6D6}.Release|Any CPU.ActiveCfg = Release|Any CPU
		{3147BFB8-A39A-482C-A496-FA07F041E6D6}.Release|Any CPU.Build.0 = Release|Any CPU
	EndGlobalSection
	GlobalSection(SolutionProperties) = preSolution
		HideSolutionNode = FALSE
	EndGlobalSection
	GlobalSection(ExtensibilityGlobals) = postSolution
		SolutionGuid = {59BEB1E1-0271-4257-80A7-B6A63F7DA804}
	EndGlobalSection
EndGlobal
